// !$*UTF8*$!
{
	archiveVersion = 1;
	classes = {
	};
	objectVersion = 56;
	objects = {

/* Begin PBXBuildFile section */
		5438A1612C2CFA370032E4C5 /* prefectures_fortuneApp.swift in Sources */ = {isa = PBXBuildFile; fileRef = 5438A1602C2CFA370032E4C5 /* prefectures_fortuneApp.swift */; };
		5438A1652C2CFA380032E4C5 /* Assets.xcassets in Resources */ = {isa = PBXBuildFile; fileRef = 5438A1642C2CFA380032E4C5 /* Assets.xcassets */; };
		5438A1682C2CFA380032E4C5 /* Preview Assets.xcassets in Resources */ = {isa = PBXBuildFile; fileRef = 5438A1672C2CFA380032E4C5 /* Preview Assets.xcassets */; };
		5438A1742C2D5AC20032E4C5 /* InputView.swift in Sources */ = {isa = PBXBuildFile; fileRef = 5438A1732C2D5AC20032E4C5 /* InputView.swift */; };
		5438A1772C2D5B820032E4C5 /* Router.swift in Sources */ = {isa = PBXBuildFile; fileRef = 5438A1762C2D5B820032E4C5 /* Router.swift */; };
		5438A17C2C2D65C10032E4C5 /* OutputView.swift in Sources */ = {isa = PBXBuildFile; fileRef = 5438A17B2C2D65C10032E4C5 /* OutputView.swift */; };
/* End PBXBuildFile section */

/* Begin PBXFileReference section */
		5438A15D2C2CFA370032E4C5 /* prefectures_fortune.app */ = {isa = PBXFileReference; explicitFileType = wrapper.application; includeInIndex = 0; path = prefectures_fortune.app; sourceTree = BUILT_PRODUCTS_DIR; };
		5438A1602C2CFA370032E4C5 /* prefectures_fortuneApp.swift */ = {isa = PBXFileReference; lastKnownFileType = sourcecode.swift; path = prefectures_fortuneApp.swift; sourceTree = "<group>"; };
		5438A1642C2CFA380032E4C5 /* Assets.xcassets */ = {isa = PBXFileReference; lastKnownFileType = folder.assetcatalog; path = Assets.xcassets; sourceTree = "<group>"; };
		5438A1672C2CFA380032E4C5 /* Preview Assets.xcassets */ = {isa = PBXFileReference; lastKnownFileType = folder.assetcatalog; path = "Preview Assets.xcassets"; sourceTree = "<group>"; };
		5438A1732C2D5AC20032E4C5 /* InputView.swift */ = {isa = PBXFileReference; lastKnownFileType = sourcecode.swift; path = InputView.swift; sourceTree = "<group>"; };
		5438A1762C2D5B820032E4C5 /* Router.swift */ = {isa = PBXFileReference; lastKnownFileType = sourcecode.swift; path = Router.swift; sourceTree = "<group>"; };
		5438A17B2C2D65C10032E4C5 /* OutputView.swift */ = {isa = PBXFileReference; lastKnownFileType = sourcecode.swift; path = OutputView.swift; sourceTree = "<group>"; };
/* End PBXFileReference section */

/* Begin PBXFrameworksBuildPhase section */
		5438A15A2C2CFA370032E4C5 /* Frameworks */ = {
			isa = PBXFrameworksBuildPhase;
			buildActionMask = 2147483647;
			files = (
			);
			runOnlyForDeploymentPostprocessing = 0;
		};
/* End PBXFrameworksBuildPhase section */

/* Begin PBXGroup section */
		5438A1542C2CFA370032E4C5 = {
			isa = PBXGroup;
			children = (
				5438A15F2C2CFA370032E4C5 /* prefectures_fortune */,
				5438A15E2C2CFA370032E4C5 /* Products */,
			);
			sourceTree = "<group>";
		};
		5438A15E2C2CFA370032E4C5 /* Products */ = {
			isa = PBXGroup;
			children = (
				5438A15D2C2CFA370032E4C5 /* prefectures_fortune.app */,
			);
			name = Products;
			sourceTree = "<group>";
		};
		5438A15F2C2CFA370032E4C5 /* prefectures_fortune */ = {
			isa = PBXGroup;
			children = (
				5438A1752C2D5B6E0032E4C5 /* Design */,
				5438A1702C2D58590032E4C5 /* API */,
				5438A16F2C2D583D0032E4C5 /* Logic */,
				5438A16E2C2D57F40032E4C5 /* Views */,
				5438A1602C2CFA370032E4C5 /* prefectures_fortuneApp.swift */,
				5438A1642C2CFA380032E4C5 /* Assets.xcassets */,
				5438A1662C2CFA380032E4C5 /* Preview Content */,
			);
			path = prefectures_fortune;
			sourceTree = "<group>";
		};
		5438A1662C2CFA380032E4C5 /* Preview Content */ = {
			isa = PBXGroup;
			children = (
				5438A1672C2CFA380032E4C5 /* Preview Assets.xcassets */,
			);
			path = "Preview Content";
			sourceTree = "<group>";
		};
		5438A16E2C2D57F40032E4C5 /* Views */ = {
			isa = PBXGroup;
			children = (
				5438A1722C2D5A790032E4C5 /* Output */,
				5438A1712C2D5A3B0032E4C5 /* Input */,
			);
			path = Views;
			sourceTree = "<group>";
		};
		5438A16F2C2D583D0032E4C5 /* Logic */ = {
			isa = PBXGroup;
			children = (
			);
			path = Logic;
			sourceTree = "<group>";
		};
		5438A1702C2D58590032E4C5 /* API */ = {
			isa = PBXGroup;
			children = (
			);
			path = API;
			sourceTree = "<group>";
		};
		5438A1712C2D5A3B0032E4C5 /* Input */ = {
			isa = PBXGroup;
			children = (
				5438A1732C2D5AC20032E4C5 /* InputView.swift */,
			);
			path = Input;
			sourceTree = "<group>";
		};
		5438A1722C2D5A790032E4C5 /* Output */ = {
			isa = PBXGroup;
			children = (
				5438A17B2C2D65C10032E4C5 /* OutputView.swift */,
			);
			path = Output;
			sourceTree = "<group>";
		};
		5438A1752C2D5B6E0032E4C5 /* Design */ = {
			isa = PBXGroup;
			children = (
				5438A1762C2D5B820032E4C5 /* Router.swift */,
			);
			path = Design;
			sourceTree = "<group>";
		};
/* End PBXGroup section */

/* Begin PBXNativeTarget section */
		5438A15C2C2CFA370032E4C5 /* prefectures_fortune */ = {
			isa = PBXNativeTarget;
			buildConfigurationList = 5438A16B2C2CFA380032E4C5 /* Build configuration list for PBXNativeTarget "prefectures_fortune" */;
			buildPhases = (
				5438A1592C2CFA370032E4C5 /* Sources */,
				5438A15A2C2CFA370032E4C5 /* Frameworks */,
				5438A15B2C2CFA370032E4C5 /* Resources */,
			);
			buildRules = (
			);
			dependencies = (
			);
			name = prefectures_fortune;
			productName = prefectures_fortune;
			productReference = 5438A15D2C2CFA370032E4C5 /* prefectures_fortune.app */;
			productType = "com.apple.product-type.application";
		};
/* End PBXNativeTarget section */

/* Begin PBXProject section */
		5438A1552C2CFA370032E4C5 /* Project object */ = {
			isa = PBXProject;
			attributes = {
				BuildIndependentTargetsInParallel = 1;
				LastSwiftUpdateCheck = 1540;
				LastUpgradeCheck = 1540;
				TargetAttributes = {
					5438A15C2C2CFA370032E4C5 = {
						CreatedOnToolsVersion = 15.4;
					};
				};
			};
			buildConfigurationList = 5438A1582C2CFA370032E4C5 /* Build configuration list for PBXProject "prefectures_fortune" */;
			compatibilityVersion = "Xcode 14.0";
			developmentRegion = en;
			hasScannedForEncodings = 0;
			knownRegions = (
				en,
				Base,
			);
			mainGroup = 5438A1542C2CFA370032E4C5;
			productRefGroup = 5438A15E2C2CFA370032E4C5 /* Products */;
			projectDirPath = "";
			projectRoot = "";
			targets = (
				5438A15C2C2CFA370032E4C5 /* prefectures_fortune */,
			);
		};
/* End PBXProject section */

/* Begin PBXResourcesBuildPhase section */
		5438A15B2C2CFA370032E4C5 /* Resources */ = {
			isa = PBXResourcesBuildPhase;
			buildActionMask = 2147483647;
			files = (
				5438A1682C2CFA380032E4C5 /* Preview Assets.xcassets in Resources */,
				5438A1652C2CFA380032E4C5 /* Assets.xcassets in Resources */,
			);
			runOnlyForDeploymentPostprocessing = 0;
		};
/* End PBXResourcesBuildPhase section */

/* Begin PBXSourcesBuildPhase section */
		5438A1592C2CFA370032E4C5 /* Sources */ = {
			isa = PBXSourcesBuildPhase;
			buildActionMask = 2147483647;
			files = (
				5438A17C2C2D65C10032E4C5 /* OutputView.swift in Sources */,
				5438A1772C2D5B820032E4C5 /* Router.swift in Sources */,
				5438A1612C2CFA370032E4C5 /* prefectures_fortuneApp.swift in Sources */,
				5438A1742C2D5AC20032E4C5 /* InputView.swift in Sources */,
			);
			runOnlyForDeploymentPostprocessing = 0;
		};
/* End PBXSourcesBuildPhase section */

/* Begin XCBuildConfiguration section */
		5438A1692C2CFA380032E4C5 /* Debug */ = {
			isa = XCBuildConfiguration;
			buildSettings = {
				ALWAYS_SEARCH_USER_PATHS = NO;
				ASSETCATALOG_COMPILER_GENERATE_SWIFT_ASSET_SYMBOL_EXTENSIONS = YES;
				CLANG_ANALYZER_NONNULL = YES;
				CLANG_ANALYZER_NUMBER_OBJECT_CONVERSION = YES_AGGRESSIVE;
				CLANG_CXX_LANGUAGE_STANDARD = "gnu++20";
				CLANG_ENABLE_MODULES = YES;
				CLANG_ENABLE_OBJC_ARC = YES;
				CLANG_ENABLE_OBJC_WEAK = YES;
				CLANG_WARN_BLOCK_CAPTURE_AUTORELEASING = YES;
				CLANG_WARN_BOOL_CONVERSION = YES;
				CLANG_WARN_COMMA = YES;
				CLANG_WARN_CONSTANT_CONVERSION = YES;
				CLANG_WARN_DEPRECATED_OBJC_IMPLEMENTATIONS = YES;
				CLANG_WARN_DIRECT_OBJC_ISA_USAGE = YES_ERROR;
				CLANG_WARN_DOCUMENTATION_COMMENTS = YES;
				CLANG_WARN_EMPTY_BODY = YES;
				CLANG_WARN_ENUM_CONVERSION = YES;
				CLANG_WARN_INFINITE_RECURSION = YES;
				CLANG_WARN_INT_CONVERSION = YES;
				CLANG_WARN_NON_LITERAL_NULL_CONVERSION = YES;
				CLANG_WARN_OBJC_IMPLICIT_RETAIN_SELF = YES;
				CLANG_WARN_OBJC_LITERAL_CONVERSION = YES;
				CLANG_WARN_OBJC_ROOT_CLASS = YES_ERROR;
				CLANG_WARN_QUOTED_INCLUDE_IN_FRAMEWORK_HEADER = YES;
				CLANG_WARN_RANGE_LOOP_ANALYSIS = YES;
				CLANG_WARN_STRICT_PROTOTYPES = YES;
				CLANG_WARN_SUSPICIOUS_MOVE = YES;
				CLANG_WARN_UNGUARDED_AVAILABILITY = YES_AGGRESSIVE;
				CLANG_WARN_UNREACHABLE_CODE = YES;
				CLANG_WARN__DUPLICATE_METHOD_MATCH = YES;
				COPY_PHASE_STRIP = NO;
				DEBUG_INFORMATION_FORMAT = dwarf;
				ENABLE_STRICT_OBJC_MSGSEND = YES;
				ENABLE_TESTABILITY = YES;
				ENABLE_USER_SCRIPT_SANDBOXING = YES;
				GCC_C_LANGUAGE_STANDARD = gnu17;
				GCC_DYNAMIC_NO_PIC = NO;
				GCC_NO_COMMON_BLOCKS = YES;
				GCC_OPTIMIZATION_LEVEL = 0;
				GCC_PREPROCESSOR_DEFINITIONS = (
					"DEBUG=1",
					"$(inherited)",
				);
				GCC_WARN_64_TO_32_BIT_CONVERSION = YES;
				GCC_WARN_ABOUT_RETURN_TYPE = YES_ERROR;
				GCC_WARN_UNDECLARED_SELECTOR = YES;
				GCC_WARN_UNINITIALIZED_AUTOS = YES_AGGRESSIVE;
				GCC_WARN_UNUSED_FUNCTION = YES;
				GCC_WARN_UNUSED_VARIABLE = YES;
				IPHONEOS_DEPLOYMENT_TARGET = 17.5;
				LOCALIZATION_PREFERS_STRING_CATALOGS = YES;
				MTL_ENABLE_DEBUG_INFO = INCLUDE_SOURCE;
				MTL_FAST_MATH = YES;
				ONLY_ACTIVE_ARCH = YES;
				SDKROOT = iphoneos;
				SWIFT_ACTIVE_COMPILATION_CONDITIONS = "DEBUG $(inherited)";
				SWIFT_OPTIMIZATION_LEVEL = "-Onone";
			};
			name = Debug;
		};
		5438A16A2C2CFA380032E4C5 /* Release */ = {
			isa = XCBuildConfiguration;
			buildSettings = {
				ALWAYS_SEARCH_USER_PATHS = NO;
				ASSETCATALOG_COMPILER_GENERATE_SWIFT_ASSET_SYMBOL_EXTENSIONS = YES;
				CLANG_ANALYZER_NONNULL = YES;
				CLANG_ANALYZER_NUMBER_OBJECT_CONVERSION = YES_AGGRESSIVE;
				CLANG_CXX_LANGUAGE_STANDARD = "gnu++20";
				CLANG_ENABLE_MODULES = YES;
				CLANG_ENABLE_OBJC_ARC = YES;
				CLANG_ENABLE_OBJC_WEAK = YES;
				CLANG_WARN_BLOCK_CAPTURE_AUTORELEASING = YES;
				CLANG_WARN_BOOL_CONVERSION = YES;
				CLANG_WARN_COMMA = YES;
				CLANG_WARN_CONSTANT_CONVERSION = YES;
				CLANG_WARN_DEPRECATED_OBJC_IMPLEMENTATIONS = YES;
				CLANG_WARN_DIRECT_OBJC_ISA_USAGE = YES_ERROR;
				CLANG_WARN_DOCUMENTATION_COMMENTS = YES;
				CLANG_WARN_EMPTY_BODY = YES;
				CLANG_WARN_ENUM_CONVERSION = YES;
				CLANG_WARN_INFINITE_RECURSION = YES;
				CLANG_WARN_INT_CONVERSION = YES;
				CLANG_WARN_NON_LITERAL_NULL_CONVERSION = YES;
				CLANG_WARN_OBJC_IMPLICIT_RETAIN_SELF = YES;
				CLANG_WARN_OBJC_LITERAL_CONVERSION = YES;
				CLANG_WARN_OBJC_ROOT_CLASS = YES_ERROR;
				CLANG_WARN_QUOTED_INCLUDE_IN_FRAMEWORK_HEADER = YES;
				CLANG_WARN_RANGE_LOOP_ANALYSIS = YES;
				CLANG_WARN_STRICT_PROTOTYPES = YES;
				CLANG_WARN_SUSPICIOUS_MOVE = YES;
				CLANG_WARN_UNGUARDED_AVAILABILITY = YES_AGGRESSIVE;
				CLANG_WARN_UNREACHABLE_CODE = YES;
				CLANG_WARN__DUPLICATE_METHOD_MATCH = YES;
				COPY_PHASE_STRIP = NO;
				DEBUG_INFORMATION_FORMAT = "dwarf-with-dsym";
				ENABLE_NS_ASSERTIONS = NO;
				ENABLE_STRICT_OBJC_MSGSEND = YES;
				ENABLE_USER_SCRIPT_SANDBOXING = YES;
				GCC_C_LANGUAGE_STANDARD = gnu17;
				GCC_NO_COMMON_BLOCKS = YES;
				GCC_WARN_64_TO_32_BIT_CONVERSION = YES;
				GCC_WARN_ABOUT_RETURN_TYPE = YES_ERROR;
				GCC_WARN_UNDECLARED_SELECTOR = YES;
				GCC_WARN_UNINITIALIZED_AUTOS = YES_AGGRESSIVE;
				GCC_WARN_UNUSED_FUNCTION = YES;
				GCC_WARN_UNUSED_VARIABLE = YES;
				IPHONEOS_DEPLOYMENT_TARGET = 17.5;
				LOCALIZATION_PREFERS_STRING_CATALOGS = YES;
				MTL_ENABLE_DEBUG_INFO = NO;
				MTL_FAST_MATH = YES;
				SDKROOT = iphoneos;
				SWIFT_COMPILATION_MODE = wholemodule;
				VALIDATE_PRODUCT = YES;
			};
			name = Release;
		};
		5438A16C2C2CFA380032E4C5 /* Debug */ = {
			isa = XCBuildConfiguration;
			buildSettings = {
				ASSETCATALOG_COMPILER_APPICON_NAME = AppIcon;
				ASSETCATALOG_COMPILER_GLOBAL_ACCENT_COLOR_NAME = AccentColor;
				CODE_SIGN_STYLE = Automatic;
				CURRENT_PROJECT_VERSION = 1;
				DEVELOPMENT_ASSET_PATHS = "\"prefectures_fortune/Preview Content\"";
				DEVELOPMENT_TEAM = LRLZS967P7;
				ENABLE_PREVIEWS = YES;
				GENERATE_INFOPLIST_FILE = YES;
				INFOPLIST_KEY_UIApplicationSceneManifest_Generation = YES;
				INFOPLIST_KEY_UIApplicationSupportsIndirectInputEvents = YES;
				INFOPLIST_KEY_UILaunchScreen_Generation = YES;
				INFOPLIST_KEY_UISupportedInterfaceOrientations_iPad = "UIInterfaceOrientationPortrait UIInterfaceOrientationPortraitUpsideDown UIInterfaceOrientationLandscapeLeft UIInterfaceOrientationLandscapeRight";
				INFOPLIST_KEY_UISupportedInterfaceOrientations_iPhone = "UIInterfaceOrientationPortrait UIInterfaceOrientationLandscapeLeft UIInterfaceOrientationLandscapeRight";
				LD_RUNPATH_SEARCH_PATHS = (
					"$(inherited)",
					"@executable_path/Frameworks",
				);
				MARKETING_VERSION = 1.0;
				PRODUCT_BUNDLE_IDENTIFIER = "----.prefectures-fortune";
				PRODUCT_NAME = "$(TARGET_NAME)";
				SWIFT_EMIT_LOC_STRINGS = YES;
				SWIFT_VERSION = 5.0;
				TARGETED_DEVICE_FAMILY = "1,2";
			};
			name = Debug;
		};
		5438A16D2C2CFA380032E4C5 /* Release */ = {
			isa = XCBuildConfiguration;
			buildSettings = {
				ASSETCATALOG_COMPILER_APPICON_NAME = AppIcon;
				ASSETCATALOG_COMPILER_GLOBAL_ACCENT_COLOR_NAME = AccentColor;
				CODE_SIGN_STYLE = Automatic;
				CURRENT_PROJECT_VERSION = 1;
				DEVELOPMENT_ASSET_PATHS = "\"prefectures_fortune/Preview Content\"";
				DEVELOPMENT_TEAM = LRLZS967P7;
				ENABLE_PREVIEWS = YES;
				GENERATE_INFOPLIST_FILE = YES;
				INFOPLIST_KEY_UIApplicationSceneManifest_Generation = YES;
				INFOPLIST_KEY_UIApplicationSupportsIndirectInputEvents = YES;
				INFOPLIST_KEY_UILaunchScreen_Generation = YES;
				INFOPLIST_KEY_UISupportedInterfaceOrientations_iPad = "UIInterfaceOrientationPortrait UIInterfaceOrientationPortraitUpsideDown UIInterfaceOrientationLandscapeLeft UIInterfaceOrientationLandscapeRight";
				INFOPLIST_KEY_UISupportedInterfaceOrientations_iPhone = "UIInterfaceOrientationPortrait UIInterfaceOrientationLandscapeLeft UIInterfaceOrientationLandscapeRight";
				LD_RUNPATH_SEARCH_PATHS = (
					"$(inherited)",
					"@executable_path/Frameworks",
				);
				MARKETING_VERSION = 1.0;
				PRODUCT_BUNDLE_IDENTIFIER = "----.prefectures-fortune";
				PRODUCT_NAME = "$(TARGET_NAME)";
				SWIFT_EMIT_LOC_STRINGS = YES;
				SWIFT_VERSION = 5.0;
				TARGETED_DEVICE_FAMILY = "1,2";
			};
			name = Release;
		};
/* End XCBuildConfiguration section */

/* Begin XCConfigurationList section */
		5438A1582C2CFA370032E4C5 /* Build configuration list for PBXProject "prefectures_fortune" */ = {
			isa = XCConfigurationList;
			buildConfigurations = (
				5438A1692C2CFA380032E4C5 /* Debug */,
				5438A16A2C2CFA380032E4C5 /* Release */,
			);
			defaultConfigurationIsVisible = 0;
			defaultConfigurationName = Release;
		};
		5438A16B2C2CFA380032E4C5 /* Build configuration list for PBXNativeTarget "prefectures_fortune" */ = {
			isa = XCConfigurationList;
			buildConfigurations = (
				5438A16C2C2CFA380032E4C5 /* Debug */,
				5438A16D2C2CFA380032E4C5 /* Release */,
			);
			defaultConfigurationIsVisible = 0;
			defaultConfigurationName = Release;
		};
/* End XCConfigurationList section */
	};
	rootObject = 5438A1552C2CFA370032E4C5 /* Project object */;
}
